
Microsoft Visual Studio Solution File, Format Version 12.00
# Visual Studio Version 17
VisualStudioVersion = 17.4.33213.308
MinimumVisualStudioVersion = 10.0.40219.1
Project("{FAE04EC0-301F-11D3-BF4B-00C04F79EFBC}") = "BEIS.EnergyProgramme.Web", "BEIS.EnergyProgramme.Web\BEIS.EnergyProgramme.Web.csproj", "{01525F3F-2385-4876-811B-7567FA4FE516}"
EndProject
Project("{FAE04EC0-301F-11D3-BF4B-00C04F79EFBC}") = "BEIS.EnergyProgramme.Services", "BEIS.EnergyProgramme.Services\BEIS.EnergyProgramme.Services.csproj", "{04198065-6BF9-4874-99D9-B2389FD1A9A2}"
EndProject
Project("{FAE04EC0-301F-11D3-BF4B-00C04F79EFBC}") = "BEIS.Tests", "BEIS.Tests\BEIS.Tests.csproj", "{F6D93901-F3D4-4A90-8A00-CC47E98B8876}"
EndProject
Global
	GlobalSection(SolutionConfigurationPlatforms) = preSolution
		Debug|Any CPU = Debug|Any CPU
		Release|Any CPU = Release|Any CPU
	EndGlobalSection
	GlobalSection(ProjectConfigurationPlatforms) = postSolution
		{01525F3F-2385-4876-811B-7567FA4FE516}.Debug|Any CPU.ActiveCfg = Debug|Any CPU
		{01525F3F-2385-4876-811B-7567FA4FE516}.Debug|Any CPU.Build.0 = Debug|Any CPU
		{01525F3F-2385-4876-811B-7567FA4FE516}.Release|Any CPU.ActiveCfg = Release|Any CPU
		{01525F3F-2385-4876-811B-7567FA4FE516}.Release|Any CPU.Build.0 = Release|Any CPU
		{04198065-6BF9-4874-99D9-B2389FD1A9A2}.Debug|Any CPU.ActiveCfg = Debug|Any CPU
		{04198065-6BF9-4874-99D9-B2389FD1A9A2}.Debug|Any CPU.Build.0 = Debug|Any CPU
		{04198065-6BF9-4874-99D9-B2389FD1A9A2}.Release|Any CPU.ActiveCfg = Release|Any CPU
		{04198065-6BF9-4874-99D9-B2389FD1A9A2}.Release|Any CPU.Build.0 = Release|Any CPU
		{F6D93901-F3D4-4A90-8A00-CC47E98B8876}.Debug|Any CPU.ActiveCfg = Debug|Any CPU
		{F6D93901-F3D4-4A90-8A00-CC47E98B8876}.Debug|Any CPU.Build.0 = Debug|Any CPU
		{F6D93901-F3D4-4A90-8A00-CC47E98B8876}.Release|Any CPU.ActiveCfg = Release|Any CPU
		{F6D93901-F3D4-4A90-8A00-CC47E98B8876}.Release|Any CPU.Build.0 = Release|Any CPU
	EndGlobalSection
	GlobalSection(SolutionProperties) = preSolution
		HideSolutionNode = FALSE
	EndGlobalSection
	GlobalSection(ExtensibilityGlobals) = postSolution
		SolutionGuid = {467D1D48-32A9-4430-9A5E-33707814F353}
	EndGlobalSection
EndGlobal
